
Microsoft Visual Studio Solution File, Format Version 12.00
# Visual Studio Version 17
VisualStudioVersion = 17.9.34723.18
MinimumVisualStudioVersion = 10.0.40219.1
Project("{FAE04EC0-301F-11D3-BF4B-00C04F79EFBC}") = "AppCrudNet8", "AppCrudNet8.csproj", "{45E740C7-3AA7-4431-9AC9-C744F9707133}"
EndProject
Global
	GlobalSection(SolutionConfigurationPlatforms) = preSolution
		Debug|Any CPU = Debug|Any CPU
		Release|Any CPU = Release|Any CPU
	EndGlobalSection
	GlobalSection(ProjectConfigurationPlatforms) = postSolution
		{45E740C7-3AA7-4431-9AC9-C744F9707133}.Debug|Any CPU.ActiveCfg = Debug|Any CPU
		{45E740C7-3AA7-4431-9AC9-C744F9707133}.Debug|Any CPU.Build.0 = Debug|Any CPU
		{45E740C7-3AA7-4431-9AC9-C744F9707133}.Release|Any CPU.ActiveCfg = Release|Any CPU
		{45E740C7-3AA7-4431-9AC9-C744F9707133}.Release|Any CPU.Build.0 = Release|Any CPU
	EndGlobalSection
	GlobalSection(SolutionProperties) = preSolution
		HideSolutionNode = FALSE
	EndGlobalSection
	GlobalSection(ExtensibilityGlobals) = postSolution
		SolutionGuid = {FF11E6A9-226F-446A-8AEB-1E882577AAC7}
	EndGlobalSection
EndGlobal
